{
  "version": 4,
  "terraform_version": "1.2.2",
  "serial": 12,
  "lineage": "0ccc5c44-b973-c230-561b-c2fa846f4191",
  "outputs": {},
  "resources": [
    {
      "mode": "managed",
      "type": "azurerm_application_insights",
      "name": "apiTf",
      "provider": "provider[\"registry.terraform.io/hashicorp/azurerm\"]",
      "instances": [
        {
          "schema_version": 1,
          "attributes": {
            "app_id": "f5c107e1-4c18-41d6-800e-44c9d57a0184",
            "application_type": "web",
            "connection_string": "InstrumentationKey=d3898779-07f7-4e65-a008-5c62039a309a;IngestionEndpoint=https://switzerlandnorth-0.in.applicationinsights.azure.com/;LiveEndpoint=https://switzerlandnorth.livediagnostics.monitor.azure.com/",
            "daily_data_cap_in_gb": 100,
            "daily_data_cap_notifications_disabled": false,
            "disable_ip_masking": false,
            "force_customer_storage_for_profiler": false,
            "id": "/subscriptions/7789360a-aa08-4eb1-9fda-e83684c1de18/resourceGroups/zrh-apt-tf2/providers/Microsoft.Insights/components/zrhapttf2-appinsights",
            "instrumentation_key": "d3898779-07f7-4e65-a008-5c62039a309a",
            "internet_ingestion_enabled": true,
            "internet_query_enabled": true,
            "local_authentication_disabled": false,
            "location": "switzerlandnorth",
            "name": "zrhapttf2-appinsights",
            "resource_group_name": "zrh-apt-tf2",
            "retention_in_days": 90,
            "sampling_percentage": 100,
            "tags": {},
            "timeouts": null,
            "workspace_id": null
          },
          "sensitive_attributes": [],
          "private": "eyJlMmJmYjczMC1lY2FhLTExZTYtOGY4OC0zNDM2M2JjN2M0YzAiOnsiY3JlYXRlIjozNjAwMDAwMDAwMDAwLCJkZWxldGUiOjE4MDAwMDAwMDAwMDAsInJlYWQiOjMwMDAwMDAwMDAwMCwidXBkYXRlIjoxODAwMDAwMDAwMDAwfSwic2NoZW1hX3ZlcnNpb24iOiIxIn0=",
          "dependencies": [
            "azurerm_resource_group.apiTf"
          ]
        }
      ]
    },
    {
      "mode": "managed",
      "type": "azurerm_resource_group",
      "name": "apiTf",
      "provider": "provider[\"registry.terraform.io/hashicorp/azurerm\"]",
      "instances": [
        {
          "schema_version": 0,
          "attributes": {
            "id": "/subscriptions/7789360a-aa08-4eb1-9fda-e83684c1de18/resourceGroups/zrh-apt-tf2",
            "location": "switzerlandnorth",
            "name": "zrh-apt-tf2",
            "tags": {},
            "timeouts": null
          },
          "sensitive_attributes": [],
          "private": "eyJlMmJmYjczMC1lY2FhLTExZTYtOGY4OC0zNDM2M2JjN2M0YzAiOnsiY3JlYXRlIjo1NDAwMDAwMDAwMDAwLCJkZWxldGUiOjU0MDAwMDAwMDAwMDAsInJlYWQiOjMwMDAwMDAwMDAwMCwidXBkYXRlIjo1NDAwMDAwMDAwMDAwfX0="
        }
      ]
    },
    {
      "mode": "managed",
      "type": "azurerm_service_plan",
      "name": "apiTf",
      "provider": "provider[\"registry.terraform.io/hashicorp/azurerm\"]",
      "instances": [
        {
          "schema_version": 0,
          "attributes": {
            "app_service_environment_id": "",
            "id": "/subscriptions/7789360a-aa08-4eb1-9fda-e83684c1de18/resourceGroups/zrh-apt-tf2/providers/Microsoft.Web/serverfarms/zrhapttf2-plan",
            "kind": "functionapp",
            "location": "switzerlandnorth",
            "maximum_elastic_worker_count": 1,
            "name": "zrhapttf2-plan",
            "os_type": "Windows",
            "per_site_scaling_enabled": false,
            "reserved": false,
            "resource_group_name": "zrh-apt-tf2",
            "sku_name": "Y1",
            "tags": {},
            "timeouts": null,
            "worker_count": 0
          },
          "sensitive_attributes": [],
          "private": "eyJlMmJmYjczMC1lY2FhLTExZTYtOGY4OC0zNDM2M2JjN2M0YzAiOnsiY3JlYXRlIjozNjAwMDAwMDAwMDAwLCJkZWxldGUiOjM2MDAwMDAwMDAwMDAsInJlYWQiOjMwMDAwMDAwMDAwMCwidXBkYXRlIjozNjAwMDAwMDAwMDAwfX0=",
          "dependencies": [
            "azurerm_resource_group.apiTf"
          ]
        }
      ]
    },
    {
      "mode": "managed",
      "type": "azurerm_storage_account",
      "name": "apiTf",
      "provider": "provider[\"registry.terraform.io/hashicorp/azurerm\"]",
      "instances": [
        {
          "schema_version": 3,
          "attributes": {
            "access_tier": "Hot",
            "account_kind": "StorageV2",
            "account_replication_type": "LRS",
            "account_tier": "Standard",
            "allow_nested_items_to_be_public": true,
            "azure_files_authentication": [],
            "blob_properties": [
              {
                "change_feed_enabled": false,
                "container_delete_retention_policy": [],
                "cors_rule": [],
                "default_service_version": "",
                "delete_retention_policy": [],
                "last_access_time_enabled": false,
                "versioning_enabled": false
              }
            ],
            "custom_domain": [],
            "customer_managed_key": [],
            "edge_zone": "",
            "enable_https_traffic_only": true,
            "id": "/subscriptions/7789360a-aa08-4eb1-9fda-e83684c1de18/resourceGroups/zrh-apt-tf2/providers/Microsoft.Storage/storageAccounts/zrhapttf2storageacct",
            "identity": [],
            "infrastructure_encryption_enabled": false,
            "is_hns_enabled": false,
            "large_file_share_enabled": null,
            "location": "switzerlandnorth",
            "min_tls_version": "TLS1_2",
            "name": "zrhapttf2storageacct",
            "network_rules": [
              {
                "bypass": [
                  "AzureServices"
                ],
                "default_action": "Allow",
                "ip_rules": [],
                "private_link_access": [],
                "virtual_network_subnet_ids": []
              }
            ],
            "nfsv3_enabled": false,
            "primary_access_key": "21Xbv2GGrpXj2Z4WwhyJSME7eKf5m2p6oDDve5c04sDdio2K3c36edi8yzp+oj0bMp9rYG0Ht9IX+AStK4aAcA==",
            "primary_blob_connection_string": "DefaultEndpointsProtocol=https;BlobEndpoint=https://zrhapttf2storageacct.blob.core.windows.net/;AccountName=zrhapttf2storageacct;AccountKey=21Xbv2GGrpXj2Z4WwhyJSME7eKf5m2p6oDDve5c04sDdio2K3c36edi8yzp+oj0bMp9rYG0Ht9IX+AStK4aAcA==",
            "primary_blob_endpoint": "https://zrhapttf2storageacct.blob.core.windows.net/",
            "primary_blob_host": "zrhapttf2storageacct.blob.core.windows.net",
            "primary_connection_string": "DefaultEndpointsProtocol=https;AccountName=zrhapttf2storageacct;AccountKey=21Xbv2GGrpXj2Z4WwhyJSME7eKf5m2p6oDDve5c04sDdio2K3c36edi8yzp+oj0bMp9rYG0Ht9IX+AStK4aAcA==;EndpointSuffix=core.windows.net",
            "primary_dfs_endpoint": "https://zrhapttf2storageacct.dfs.core.windows.net/",
            "primary_dfs_host": "zrhapttf2storageacct.dfs.core.windows.net",
            "primary_file_endpoint": "https://zrhapttf2storageacct.file.core.windows.net/",
            "primary_file_host": "zrhapttf2storageacct.file.core.windows.net",
            "primary_location": "switzerlandnorth",
            "primary_queue_endpoint": "https://zrhapttf2storageacct.queue.core.windows.net/",
            "primary_queue_host": "zrhapttf2storageacct.queue.core.windows.net",
            "primary_table_endpoint": "https://zrhapttf2storageacct.table.core.windows.net/",
            "primary_table_host": "zrhapttf2storageacct.table.core.windows.net",
            "primary_web_endpoint": "https://zrhapttf2storageacct.z1.web.core.windows.net/",
            "primary_web_host": "zrhapttf2storageacct.z1.web.core.windows.net",
            "queue_encryption_key_type": "Service",
            "queue_properties": [
              {
                "cors_rule": [],
                "hour_metrics": [
                  {
                    "enabled": true,
                    "include_apis": true,
                    "retention_policy_days": 7,
                    "version": "1.0"
                  }
                ],
                "logging": [
                  {
                    "delete": false,
                    "read": false,
                    "retention_policy_days": 0,
                    "version": "1.0",
                    "write": false
                  }
                ],
                "minute_metrics": [
                  {
                    "enabled": false,
                    "include_apis": false,
                    "retention_policy_days": 0,
                    "version": "1.0"
                  }
                ]
              }
            ],
            "resource_group_name": "zrh-apt-tf2",
            "routing": [],
            "secondary_access_key": "rvrnxB8ZOacatFA61dZ1kb3IZGUe1RpiZHVEgDAGOuukn/ovIhQJW8XZgPW56MXQk6haGqhWBqIe+AStu8GJJg==",
            "secondary_blob_connection_string": "",
            "secondary_blob_endpoint": null,
            "secondary_blob_host": null,
            "secondary_connection_string": "DefaultEndpointsProtocol=https;AccountName=zrhapttf2storageacct;AccountKey=rvrnxB8ZOacatFA61dZ1kb3IZGUe1RpiZHVEgDAGOuukn/ovIhQJW8XZgPW56MXQk6haGqhWBqIe+AStu8GJJg==;EndpointSuffix=core.windows.net",
            "secondary_dfs_endpoint": null,
            "secondary_dfs_host": null,
            "secondary_file_endpoint": null,
            "secondary_file_host": null,
            "secondary_location": "",
            "secondary_queue_endpoint": null,
            "secondary_queue_host": null,
            "secondary_table_endpoint": null,
            "secondary_table_host": null,
            "secondary_web_endpoint": null,
            "secondary_web_host": null,
            "share_properties": [
              {
                "cors_rule": [],
                "retention_policy": [
                  {
                    "days": 7
                  }
                ],
                "smb": []
              }
            ],
            "shared_access_key_enabled": true,
            "static_website": [],
            "table_encryption_key_type": "Service",
            "tags": {},
            "timeouts": null
          },
          "sensitive_attributes": [],
          "private": "eyJlMmJmYjczMC1lY2FhLTExZTYtOGY4OC0zNDM2M2JjN2M0YzAiOnsiY3JlYXRlIjozNjAwMDAwMDAwMDAwLCJkZWxldGUiOjM2MDAwMDAwMDAwMDAsInJlYWQiOjMwMDAwMDAwMDAwMCwidXBkYXRlIjozNjAwMDAwMDAwMDAwfSwic2NoZW1hX3ZlcnNpb24iOiIzIn0=",
          "dependencies": [
            "azurerm_resource_group.apiTf"
          ]
        }
      ]
    }
  ]
}
